
Microsoft Visual Studio Solution File, Format Version 12.00
# Visual Studio Version 17
VisualStudioVersion = 17.6.33723.286
MinimumVisualStudioVersion = 10.0.40219.1
Project("{FAE04EC0-301F-11D3-BF4B-00C04F79EFBC}") = "TRMDataManager", "TRMDataManager\TRMDataManager.csproj", "{9015E490-0663-4928-A61A-FE726A8E3BB8}"
EndProject
Project("{00D1A9C2-B5F0-4AF3-8072-F6C62B433612}") = "TRMData", "TRMData\TRMData.sqlproj", "{411456A7-4C40-496E-A133-5862C9A2669D}"
EndProject
Project("{FAE04EC0-301F-11D3-BF4B-00C04F79EFBC}") = "TRMDesktopUI", "TRMDesktopUI\TRMDesktopUI.csproj", "{D5B24158-3EF4-4EB4-B71B-7FEEA4654657}"
EndProject
Global
	GlobalSection(SolutionConfigurationPlatforms) = preSolution
		Debug|Any CPU = Debug|Any CPU
		Release|Any CPU = Release|Any CPU
	EndGlobalSection
	GlobalSection(ProjectConfigurationPlatforms) = postSolution
		{9015E490-0663-4928-A61A-FE726A8E3BB8}.Debug|Any CPU.ActiveCfg = Debug|Any CPU
		{9015E490-0663-4928-A61A-FE726A8E3BB8}.Debug|Any CPU.Build.0 = Debug|Any CPU
		{9015E490-0663-4928-A61A-FE726A8E3BB8}.Release|Any CPU.ActiveCfg = Release|Any CPU
		{9015E490-0663-4928-A61A-FE726A8E3BB8}.Release|Any CPU.Build.0 = Release|Any CPU
		{411456A7-4C40-496E-A133-5862C9A2669D}.Debug|Any CPU.ActiveCfg = Debug|Any CPU
		{411456A7-4C40-496E-A133-5862C9A2669D}.Debug|Any CPU.Build.0 = Debug|Any CPU
		{411456A7-4C40-496E-A133-5862C9A2669D}.Debug|Any CPU.Deploy.0 = Debug|Any CPU
		{411456A7-4C40-496E-A133-5862C9A2669D}.Release|Any CPU.ActiveCfg = Release|Any CPU
		{411456A7-4C40-496E-A133-5862C9A2669D}.Release|Any CPU.Build.0 = Release|Any CPU
		{411456A7-4C40-496E-A133-5862C9A2669D}.Release|Any CPU.Deploy.0 = Release|Any CPU
		{D5B24158-3EF4-4EB4-B71B-7FEEA4654657}.Debug|Any CPU.ActiveCfg = Debug|Any CPU
		{D5B24158-3EF4-4EB4-B71B-7FEEA4654657}.Debug|Any CPU.Build.0 = Debug|Any CPU
		{D5B24158-3EF4-4EB4-B71B-7FEEA4654657}.Release|Any CPU.ActiveCfg = Release|Any CPU
		{D5B24158-3EF4-4EB4-B71B-7FEEA4654657}.Release|Any CPU.Build.0 = Release|Any CPU
	EndGlobalSection
	GlobalSection(SolutionProperties) = preSolution
		HideSolutionNode = FALSE
	EndGlobalSection
	GlobalSection(ExtensibilityGlobals) = postSolution
		SolutionGuid = {7EC7A9EA-D109-4CFF-9037-297106624DC9}
	EndGlobalSection
EndGlobal
